
Microsoft Visual Studio Solution File, Format Version 12.00
# Visual Studio Version 16
VisualStudioVersion = 16.0.29709.97
MinimumVisualStudioVersion = 10.0.40219.1
Project("{FAE04EC0-301F-11D3-BF4B-00C04F79EFBC}") = "AbsoluteNavRepro", "AbsoluteNavRepro\AbsoluteNavRepro\AbsoluteNavRepro.csproj", "{81AE6C69-32A3-499C-B3AD-C5859392456E}"
EndProject
Project("{FAE04EC0-301F-11D3-BF4B-00C04F79EFBC}") = "AbsoluteNavRepro.Android", "AbsoluteNavRepro\AbsoluteNavRepro.Android\AbsoluteNavRepro.Android.csproj", "{5B6A2461-0D2F-4BCA-9419-84DD49331B26}"
EndProject
Project("{FAE04EC0-301F-11D3-BF4B-00C04F79EFBC}") = "AbsoluteNavRepro.UWP", "AbsoluteNavRepro\AbsoluteNavRepro.UWP\AbsoluteNavRepro.UWP.csproj", "{EEC320D3-5FC8-45F1-9EC6-957AF2FB4BA2}"
EndProject
Global
	GlobalSection(SolutionConfigurationPlatforms) = preSolution
		Debug|Any CPU = Debug|Any CPU
		Debug|ARM = Debug|ARM
		Debug|x64 = Debug|x64
		Debug|x86 = Debug|x86
		Release|Any CPU = Release|Any CPU
		Release|ARM = Release|ARM
		Release|x64 = Release|x64
		Release|x86 = Release|x86
	EndGlobalSection
	GlobalSection(ProjectConfigurationPlatforms) = postSolution
		{81AE6C69-32A3-499C-B3AD-C5859392456E}.Debug|Any CPU.ActiveCfg = Debug|Any CPU
		{81AE6C69-32A3-499C-B3AD-C5859392456E}.Debug|Any CPU.Build.0 = Debug|Any CPU
		{81AE6C69-32A3-499C-B3AD-C5859392456E}.Debug|ARM.ActiveCfg = Debug|Any CPU
		{81AE6C69-32A3-499C-B3AD-C5859392456E}.Debug|ARM.Build.0 = Debug|Any CPU
		{81AE6C69-32A3-499C-B3AD-C5859392456E}.Debug|x64.ActiveCfg = Debug|Any CPU
		{81AE6C69-32A3-499C-B3AD-C5859392456E}.Debug|x64.Build.0 = Debug|Any CPU
		{81AE6C69-32A3-499C-B3AD-C5859392456E}.Debug|x86.ActiveCfg = Debug|Any CPU
		{81AE6C69-32A3-499C-B3AD-C5859392456E}.Debug|x86.Build.0 = Debug|Any CPU
		{81AE6C69-32A3-499C-B3AD-C5859392456E}.Release|Any CPU.ActiveCfg = Release|Any CPU
		{81AE6C69-32A3-499C-B3AD-C5859392456E}.Release|Any CPU.Build.0 = Release|Any CPU
		{81AE6C69-32A3-499C-B3AD-C5859392456E}.Release|ARM.ActiveCfg = Release|Any CPU
		{81AE6C69-32A3-499C-B3AD-C5859392456E}.Release|ARM.Build.0 = Release|Any CPU
		{81AE6C69-32A3-499C-B3AD-C5859392456E}.Release|x64.ActiveCfg = Release|Any CPU
		{81AE6C69-32A3-499C-B3AD-C5859392456E}.Release|x64.Build.0 = Release|Any CPU
		{81AE6C69-32A3-499C-B3AD-C5859392456E}.Release|x86.ActiveCfg = Release|Any CPU
		{81AE6C69-32A3-499C-B3AD-C5859392456E}.Release|x86.Build.0 = Release|Any CPU
		{5B6A2461-0D2F-4BCA-9419-84DD49331B26}.Debug|Any CPU.ActiveCfg = Debug|Any CPU
		{5B6A2461-0D2F-4BCA-9419-84DD49331B26}.Debug|Any CPU.Build.0 = Debug|Any CPU
		{5B6A2461-0D2F-4BCA-9419-84DD49331B26}.Debug|Any CPU.Deploy.0 = Debug|Any CPU
		{5B6A2461-0D2F-4BCA-9419-84DD49331B26}.Debug|ARM.ActiveCfg = Debug|Any CPU
		{5B6A2461-0D2F-4BCA-9419-84DD49331B26}.Debug|ARM.Build.0 = Debug|Any CPU
		{5B6A2461-0D2F-4BCA-9419-84DD49331B26}.Debug|ARM.Deploy.0 = Debug|Any CPU
		{5B6A2461-0D2F-4BCA-9419-84DD49331B26}.Debug|x64.ActiveCfg = Debug|Any CPU
		{5B6A2461-0D2F-4BCA-9419-84DD49331B26}.Debug|x64.Build.0 = Debug|Any CPU
		{5B6A2461-0D2F-4BCA-9419-84DD49331B26}.Debug|x64.Deploy.0 = Debug|Any CPU
		{5B6A2461-0D2F-4BCA-9419-84DD49331B26}.Debug|x86.ActiveCfg = Debug|Any CPU
		{5B6A2461-0D2F-4BCA-9419-84DD49331B26}.Debug|x86.Build.0 = Debug|Any CPU
		{5B6A2461-0D2F-4BCA-9419-84DD49331B26}.Debug|x86.Deploy.0 = Debug|Any CPU
		{5B6A2461-0D2F-4BCA-9419-84DD49331B26}.Release|Any CPU.ActiveCfg = Release|Any CPU
		{5B6A2461-0D2F-4BCA-9419-84DD49331B26}.Release|Any CPU.Build.0 = Release|Any CPU
		{5B6A2461-0D2F-4BCA-9419-84DD49331B26}.Release|Any CPU.Deploy.0 = Release|Any CPU
		{5B6A2461-0D2F-4BCA-9419-84DD49331B26}.Release|ARM.ActiveCfg = Release|Any CPU
		{5B6A2461-0D2F-4BCA-9419-84DD49331B26}.Release|ARM.Build.0 = Release|Any CPU
		{5B6A2461-0D2F-4BCA-9419-84DD49331B26}.Release|ARM.Deploy.0 = Release|Any CPU
		{5B6A2461-0D2F-4BCA-9419-84DD49331B26}.Release|x64.ActiveCfg = Release|Any CPU
		{5B6A2461-0D2F-4BCA-9419-84DD49331B26}.Release|x64.Build.0 = Release|Any CPU
		{5B6A2461-0D2F-4BCA-9419-84DD49331B26}.Release|x64.Deploy.0 = Release|Any CPU
		{5B6A2461-0D2F-4BCA-9419-84DD49331B26}.Release|x86.ActiveCfg = Release|Any CPU
		{5B6A2461-0D2F-4BCA-9419-84DD49331B26}.Release|x86.Build.0 = Release|Any CPU
		{5B6A2461-0D2F-4BCA-9419-84DD49331B26}.Release|x86.Deploy.0 = Release|Any CPU
		{EEC320D3-5FC8-45F1-9EC6-957AF2FB4BA2}.Debug|Any CPU.ActiveCfg = Debug|x86
		{EEC320D3-5FC8-45F1-9EC6-957AF2FB4BA2}.Debug|ARM.ActiveCfg = Debug|ARM
		{EEC320D3-5FC8-45F1-9EC6-957AF2FB4BA2}.Debug|ARM.Build.0 = Debug|ARM
		{EEC320D3-5FC8-45F1-9EC6-957AF2FB4BA2}.Debug|ARM.Deploy.0 = Debug|ARM
		{EEC320D3-5FC8-45F1-9EC6-957AF2FB4BA2}.Debug|x64.ActiveCfg = Debug|x64
		{EEC320D3-5FC8-45F1-9EC6-957AF2FB4BA2}.Debug|x64.Build.0 = Debug|x64
		{EEC320D3-5FC8-45F1-9EC6-957AF2FB4BA2}.Debug|x64.Deploy.0 = Debug|x64
		{EEC320D3-5FC8-45F1-9EC6-957AF2FB4BA2}.Debug|x86.ActiveCfg = Debug|x86
		{EEC320D3-5FC8-45F1-9EC6-957AF2FB4BA2}.Debug|x86.Build.0 = Debug|x86
		{EEC320D3-5FC8-45F1-9EC6-957AF2FB4BA2}.Debug|x86.Deploy.0 = Debug|x86
		{EEC320D3-5FC8-45F1-9EC6-957AF2FB4BA2}.Release|Any CPU.ActiveCfg = Release|x86
		{EEC320D3-5FC8-45F1-9EC6-957AF2FB4BA2}.Release|ARM.ActiveCfg = Release|ARM
		{EEC320D3-5FC8-45F1-9EC6-957AF2FB4BA2}.Release|ARM.Build.0 = Release|ARM
		{EEC320D3-5FC8-45F1-9EC6-957AF2FB4BA2}.Release|ARM.Deploy.0 = Release|ARM
		{EEC320D3-5FC8-45F1-9EC6-957AF2FB4BA2}.Release|x64.ActiveCfg = Release|x64
		{EEC320D3-5FC8-45F1-9EC6-957AF2FB4BA2}.Release|x64.Build.0 = Release|x64
		{EEC320D3-5FC8-45F1-9EC6-957AF2FB4BA2}.Release|x64.Deploy.0 = Release|x64
		{EEC320D3-5FC8-45F1-9EC6-957AF2FB4BA2}.Release|x86.ActiveCfg = Release|x86
		{EEC320D3-5FC8-45F1-9EC6-957AF2FB4BA2}.Release|x86.Build.0 = Release|x86
		{EEC320D3-5FC8-45F1-9EC6-957AF2FB4BA2}.Release|x86.Deploy.0 = Release|x86
	EndGlobalSection
	GlobalSection(SolutionProperties) = preSolution
		HideSolutionNode = FALSE
	EndGlobalSection
	GlobalSection(ExtensibilityGlobals) = postSolution
		SolutionGuid = {B17C5FC5-EF92-42E0-9847-4B2BFA4D2516}
	EndGlobalSection
EndGlobal
